
Microsoft Visual Studio Solution File, Format Version 12.00
# Visual Studio 15
VisualStudioVersion = 15.0.27004.2006
MinimumVisualStudioVersion = 10.0.40219.1
Project("{9A19103F-16F7-4668-BE54-9A1E7A4F7556}") = "BiraIssueTrackerCore.Web", "BiraIssueTrackerCore.Web\BiraIssueTrackerCore.Web.csproj", "{0F08940C-381A-42D0-99F8-F5D7FC78C3EB}"
EndProject
Project("{9A19103F-16F7-4668-BE54-9A1E7A4F7556}") = "BiraIssueTrackerCore.Data", "BiraIssueTrackerCore.Data\BiraIssueTrackerCore.Data.csproj", "{1E84DDD6-9E94-496A-8BEE-15DBCCE3AD52}"
EndProject
Project("{FAE04EC0-301F-11D3-BF4B-00C04F79EFBC}") = "BiraIssueTrackerCore.Services", "BiraIssueTrackerCore.Services\BiraIssueTrackerCore.Services.csproj", "{9A22FCF6-0D52-49CC-99D8-4F375D155B37}"
EndProject
Global
	GlobalSection(SolutionConfigurationPlatforms) = preSolution
		Debug|Any CPU = Debug|Any CPU
		Release|Any CPU = Release|Any CPU
	EndGlobalSection
	GlobalSection(ProjectConfigurationPlatforms) = postSolution
		{0F08940C-381A-42D0-99F8-F5D7FC78C3EB}.Debug|Any CPU.ActiveCfg = Debug|Any CPU
		{0F08940C-381A-42D0-99F8-F5D7FC78C3EB}.Debug|Any CPU.Build.0 = Debug|Any CPU
		{0F08940C-381A-42D0-99F8-F5D7FC78C3EB}.Release|Any CPU.ActiveCfg = Release|Any CPU
		{0F08940C-381A-42D0-99F8-F5D7FC78C3EB}.Release|Any CPU.Build.0 = Release|Any CPU
		{1E84DDD6-9E94-496A-8BEE-15DBCCE3AD52}.Debug|Any CPU.ActiveCfg = Debug|Any CPU
		{1E84DDD6-9E94-496A-8BEE-15DBCCE3AD52}.Debug|Any CPU.Build.0 = Debug|Any CPU
		{1E84DDD6-9E94-496A-8BEE-15DBCCE3AD52}.Release|Any CPU.ActiveCfg = Release|Any CPU
		{1E84DDD6-9E94-496A-8BEE-15DBCCE3AD52}.Release|Any CPU.Build.0 = Release|Any CPU
		{9A22FCF6-0D52-49CC-99D8-4F375D155B37}.Debug|Any CPU.ActiveCfg = Debug|Any CPU
		{9A22FCF6-0D52-49CC-99D8-4F375D155B37}.Debug|Any CPU.Build.0 = Debug|Any CPU
		{9A22FCF6-0D52-49CC-99D8-4F375D155B37}.Release|Any CPU.ActiveCfg = Release|Any CPU
		{9A22FCF6-0D52-49CC-99D8-4F375D155B37}.Release|Any CPU.Build.0 = Release|Any CPU
	EndGlobalSection
	GlobalSection(SolutionProperties) = preSolution
		HideSolutionNode = FALSE
	EndGlobalSection
	GlobalSection(ExtensibilityGlobals) = postSolution
		SolutionGuid = {AD70F078-8BE1-42F6-A114-8C0ECA2A370F}
	EndGlobalSection
EndGlobal
